
Microsoft Visual Studio Solution File, Format Version 12.00
Project("{FAE04EC0-301F-11D3-BF4B-00C04F79EFBC}") = "backend", "backend\backend.csproj", "{2C46B4AA-A5B6-4ED8-9A33-2E2E854BC706}"
EndProject
Project("{2150E333-8FDC-42A3-9474-1A3956D46DE8}") = "Backend", "Backend", "{2361D874-5C6F-4413-9A36-F48E6B0FA9A1}"
EndProject
Global
	GlobalSection(SolutionConfigurationPlatforms) = preSolution
		Debug|Any CPU = Debug|Any CPU
		Release|Any CPU = Release|Any CPU
	EndGlobalSection
	GlobalSection(ProjectConfigurationPlatforms) = postSolution
		{2C46B4AA-A5B6-4ED8-9A33-2E2E854BC706}.Debug|Any CPU.ActiveCfg = Debug|Any CPU
		{2C46B4AA-A5B6-4ED8-9A33-2E2E854BC706}.Debug|Any CPU.Build.0 = Debug|Any CPU
		{2C46B4AA-A5B6-4ED8-9A33-2E2E854BC706}.Release|Any CPU.ActiveCfg = Release|Any CPU
		{2C46B4AA-A5B6-4ED8-9A33-2E2E854BC706}.Release|Any CPU.Build.0 = Release|Any CPU
	EndGlobalSection
	GlobalSection(NestedProjects) = preSolution
		{2C46B4AA-A5B6-4ED8-9A33-2E2E854BC706} = {2361D874-5C6F-4413-9A36-F48E6B0FA9A1}
	EndGlobalSection
EndGlobal
